
Skip to content
This repository

    Pull requests
    Issues
    Gist

    @Paolapps

0
0

    0

maanmuca/such-great-lives-laravel-project
Code
Issues 0
Pull requests 0
Projects 0
Wiki
Pulse
Graphs
such-great-lives-laravel-project/composer.lock
05c71d4 3 days ago
@Paolapps Paolapps index responsive
@Paolapps
@maanmuca
3584 lines (3583 sloc) 127 KB
{
    "_readme": [
        "This file locks the dependencies of your project to a known state",
        "Read more about it at https://getcomposer.org/doc/01-basic-usage.md#composer-lock-the-lock-file",
        "This file is @generated automatically"
    ],
    "content-hash": "47e45aaf4cbd71e3fea8ebee847edf53",
    "packages": [
        {
            "name": "classpreloader/classpreloader",
            "version": "3.1.0",
            "source": {
                "type": "git",
                "url": "https://github.com/ClassPreloader/ClassPreloader.git",
                "reference": "bc7206aa892b5a33f4680421b69b191efd32b096"
            },
            "dist": {
                "type": "zip",
                "url": "https://api.github.com/repos/ClassPreloader/ClassPreloader/zipball/bc7206aa892b5a33f4680421b69b191efd32b096",
                "reference": "bc7206aa892b5a33f4680421b69b191efd32b096",
